// !$*UTF8*$!
{
	archiveVersion = 1;
	classes = {
	};
	objectVersion = 46;
	objects = {

/* Begin PBXBuildFile section */
		FB6FCB441B1B5EDA009397FB /* AppDelegate.swift in Sources */ = {isa = PBXBuildFile; fileRef = FB6FCB431B1B5EDA009397FB /* AppDelegate.swift */; };
		FB6FCB461B1B5EDA009397FB /* ViewController.swift in Sources */ = {isa = PBXBuildFile; fileRef = FB6FCB451B1B5EDA009397FB /* ViewController.swift */; };
		FB6FCB491B1B5EDA009397FB /* Main.storyboard in Resources */ = {isa = PBXBuildFile; fileRef = FB6FCB471B1B5EDA009397FB /* Main.storyboard */; };
		FB6FCB4B1B1B5EDA009397FB /* Images.xcassets in Resources */ = {isa = PBXBuildFile; fileRef = FB6FCB4A1B1B5EDA009397FB /* Images.xcassets */; };
		FB6FCB4E1B1B5EDA009397FB /* LaunchScreen.xib in Resources */ = {isa = PBXBuildFile; fileRef = FB6FCB4C1B1B5EDA009397FB /* LaunchScreen.xib */; };
		FB6FCB5A1B1B5EDA009397FB /* PostCardTests.swift in Sources */ = {isa = PBXBuildFile; fileRef = FB6FCB591B1B5EDA009397FB /* PostCardTests.swift */; };
/* End PBXBuildFile section */

/* Begin PBXContainerItemProxy section */
		FB6FCB541B1B5EDA009397FB /* PBXContainerItemProxy */ = {
			isa = PBXContainerItemProxy;
			containerPortal = FB6FCB361B1B5EDA009397FB /* Project object */;
			proxyType = 1;
			remoteGlobalIDString = FB6FCB3D1B1B5EDA009397FB;
			remoteInfo = PostCard;
		};
/* End PBXContainerItemProxy section */

/* Begin PBXFileReference section */
		FB6FCB3E1B1B5EDA009397FB /* PostCard.app */ = {isa = PBXFileReference; explicitFileType = wrapper.application; includeInIndex = 0; path = PostCard.app; sourceTree = BUILT_PRODUCTS_DIR; };
		FB6FCB421B1B5EDA009397FB /* Info.plist */ = {isa = PBXFileReference; lastKnownFileType = text.plist.xml; path = Info.plist; sourceTree = "<group>"; };
		FB6FCB431B1B5EDA009397FB /* AppDelegate.swift */ = {isa = PBXFileReference; lastKnownFileType = sourcecode.swift; path = AppDelegate.swift; sourceTree = "<group>"; };
		FB6FCB451B1B5EDA009397FB /* ViewController.swift */ = {isa = PBXFileReference; lastKnownFileType = sourcecode.swift; path = ViewController.swift; sourceTree = "<group>"; };
		FB6FCB481B1B5EDA009397FB /* Base */ = {isa = PBXFileReference; lastKnownFileType = file.storyboard; name = Base; path = Base.lproj/Main.storyboard; sourceTree = "<group>"; };
		FB6FCB4A1B1B5EDA009397FB /* Images.xcassets */ = {isa = PBXFileReference; lastKnownFileType = folder.assetcatalog; path = Images.xcassets; sourceTree = "<group>"; };
		FB6FCB4D1B1B5EDA009397FB /* Base */ = {isa = PBXFileReference; lastKnownFileType = file.xib; name = Base; path = Base.lproj/LaunchScreen.xib; sourceTree = "<group>"; };
		FB6FCB531B1B5EDA009397FB /* PostCardTests.xctest */ = {isa = PBXFileReference; explicitFileType = wrapper.cfbundle; includeInIndex = 0; path = PostCardTests.xctest; sourceTree = BUILT_PRODUCTS_DIR; };
		FB6FCB581B1B5EDA009397FB /* Info.plist */ = {isa = PBXFileReference; lastKnownFileType = text.plist.xml; path = Info.plist; sourceTree = "<group>"; };
		FB6FCB591B1B5EDA009397FB /* PostCardTests.swift */ = {isa = PBXFileReference; lastKnownFileType = sourcecode.swift; path = PostCardTests.swift; sourceTree = "<group>"; };
/* End PBXFileReference section */

/* Begin PBXFrameworksBuildPhase section */
		FB6FCB3B1B1B5EDA009397FB /* Frameworks */ = {
			isa = PBXFrameworksBuildPhase;
			buildActionMask = 2147483647;
			files = (
			);
			runOnlyForDeploymentPostprocessing = 0;
		};
		FB6FCB501B1B5EDA009397FB /* Frameworks */ = {
			isa = PBXFrameworksBuildPhase;
			buildActionMask = 2147483647;
			files = (
			);
			runOnlyForDeploymentPostprocessing = 0;
		};
/* End PBXFrameworksBuildPhase section */

/* Begin PBXGroup section */
		FB6FCB351B1B5EDA009397FB = {
			isa = PBXGroup;
			children = (
				FB6FCB401B1B5EDA009397FB /* PostCard */,
				FB6FCB561B1B5EDA009397FB /* PostCardTests */,
				FB6FCB3F1B1B5EDA009397FB /* Products */,
			);
			sourceTree = "<group>";
		};
		FB6FCB3F1B1B5EDA009397FB /* Products */ = {
			isa = PBXGroup;
			children = (
				FB6FCB3E1B1B5EDA009397FB /* PostCard.app */,
				FB6FCB531B1B5EDA009397FB /* PostCardTests.xctest */,
			);
			name = Products;
			sourceTree = "<group>";
		};
		FB6FCB401B1B5EDA009397FB /* PostCard */ = {
			isa = PBXGroup;
			children = (
				FB6FCB431B1B5EDA009397FB /* AppDelegate.swift */,
				FB6FCB451B1B5EDA009397FB /* ViewController.swift */,
				FB6FCB471B1B5EDA009397FB /* Main.storyboard */,
				FB6FCB4A1B1B5EDA009397FB /* Images.xcassets */,
				FB6FCB4C1B1B5EDA009397FB /* LaunchScreen.xib */,
				FB6FCB411B1B5EDA009397FB /* Supporting Files */,
			);
			path = PostCard;
			sourceTree = "<group>";
		};
		FB6FCB411B1B5EDA009397FB /* Supporting Files */ = {
			isa = PBXGroup;
			children = (
				FB6FCB421B1B5EDA009397FB /* Info.plist */,
			);
			name = "Supporting Files";
			sourceTree = "<group>";
		};
		FB6FCB561B1B5EDA009397FB /* PostCardTests */ = {
			isa = PBXGroup;
			children = (
				FB6FCB591B1B5EDA009397FB /* PostCardTests.swift */,
				FB6FCB571B1B5EDA009397FB /* Supporting Files */,
			);
			path = PostCardTests;
			sourceTree = "<group>";
		};
		FB6FCB571B1B5EDA009397FB /* Supporting Files */ = {
			isa = PBXGroup;
			children = (
				FB6FCB581B1B5EDA009397FB /* Info.plist */,
			);
			name = "Supporting Files";
			sourceTree = "<group>";
		};
/* End PBXGroup section */

/* Begin PBXNativeTarget section */
		FB6FCB3D1B1B5EDA009397FB /* PostCard */ = {
			isa = PBXNativeTarget;
			buildConfigurationList = FB6FCB5D1B1B5EDA009397FB /* Build configuration list for PBXNativeTarget "PostCard" */;
			buildPhases = (
				FB6FCB3A1B1B5EDA009397FB /* Sources */,
				FB6FCB3B1B1B5EDA009397FB /* Frameworks */,
				FB6FCB3C1B1B5EDA009397FB /* Resources */,
			);
			buildRules = (
			);
			dependencies = (
			);
			name = PostCard;
			productName = PostCard;
			productReference = FB6FCB3E1B1B5EDA009397FB /* PostCard.app */;
			productType = "com.apple.product-type.application";
		};
		FB6FCB521B1B5EDA009397FB /* PostCardTests */ = {
			isa = PBXNativeTarget;
			buildConfigurationList = FB6FCB601B1B5EDA009397FB /* Build configuration list for PBXNativeTarget "PostCardTests" */;
			buildPhases = (
				FB6FCB4F1B1B5EDA009397FB /* Sources */,
				FB6FCB501B1B5EDA009397FB /* Frameworks */,
				FB6FCB511B1B5EDA009397FB /* Resources */,
			);
			buildRules = (
			);
			dependencies = (
				FB6FCB551B1B5EDA009397FB /* PBXTargetDependency */,
			);
			name = PostCardTests;
			productName = PostCardTests;
			productReference = FB6FCB531B1B5EDA009397FB /* PostCardTests.xctest */;
			productType = "com.apple.product-type.bundle.unit-test";
		};
/* End PBXNativeTarget section */

/* Begin PBXProject section */
		FB6FCB361B1B5EDA009397FB /* Project object */ = {
			isa = PBXProject;
			attributes = {
				LastUpgradeCheck = 0630;
				ORGANIZATIONNAME = mavenbarker;
				TargetAttributes = {
					FB6FCB3D1B1B5EDA009397FB = {
						CreatedOnToolsVersion = 6.3.2;
					};
					FB6FCB521B1B5EDA009397FB = {
						CreatedOnToolsVersion = 6.3.2;
						TestTargetID = FB6FCB3D1B1B5EDA009397FB;
					};
				};
			};
			buildConfigurationList = FB6FCB391B1B5EDA009397FB /* Build configuration list for PBXProject "PostCard" */;
			compatibilityVersion = "Xcode 3.2";
			developmentRegion = English;
			hasScannedForEncodings = 0;
			knownRegions = (
				en,
				Base,
			);
			mainGroup = FB6FCB351B1B5EDA009397FB;
			productRefGroup = FB6FCB3F1B1B5EDA009397FB /* Products */;
			projectDirPath = "";
			projectRoot = "";
			targets = (
				FB6FCB3D1B1B5EDA009397FB /* PostCard */,
				FB6FCB521B1B5EDA009397FB /* PostCardTests */,
			);
		};
/* End PBXProject section */

/* Begin PBXResourcesBuildPhase section */
		FB6FCB3C1B1B5EDA009397FB /* Resources */ = {
			isa = PBXResourcesBuildPhase;
			buildActionMask = 2147483647;
			files = (
				FB6FCB491B1B5EDA009397FB /* Main.storyboard in Resources */,
				FB6FCB4E1B1B5EDA009397FB /* LaunchScreen.xib in Resources */,
				FB6FCB4B1B1B5EDA009397FB /* Images.xcassets in Resources */,
			);
			runOnlyForDeploymentPostprocessing = 0;
		};
		FB6FCB511B1B5EDA009397FB /* Resources */ = {
			isa = PBXResourcesBuildPhase;
			buildActionMask = 2147483647;
			files = (
			);
			runOnlyForDeploymentPostprocessing = 0;
		};
/* End PBXResourcesBuildPhase section */

/* Begin PBXSourcesBuildPhase section */
		FB6FCB3A1B1B5EDA009397FB /* Sources */ = {
			isa = PBXSourcesBuildPhase;
			buildActionMask = 2147483647;
			files = (
				FB6FCB461B1B5EDA009397FB /* ViewController.swift in Sources */,
				FB6FCB441B1B5EDA009397FB /* AppDelegate.swift in Sources */,
			);
			runOnlyForDeploymentPostprocessing = 0;
		};
		FB6FCB4F1B1B5EDA009397FB /* Sources */ = {
			isa = PBXSourcesBuildPhase;
			buildActionMask = 2147483647;
			files = (
				FB6FCB5A1B1B5EDA009397FB /* PostCardTests.swift in Sources */,
			);
			runOnlyForDeploymentPostprocessing = 0;
		};
/* End PBXSourcesBuildPhase section */

/* Begin PBXTargetDependency section */
		FB6FCB551B1B5EDA009397FB /* PBXTargetDependency */ = {
			isa = PBXTargetDependency;
			target = FB6FCB3D1B1B5EDA009397FB /* PostCard */;
			targetProxy = FB6FCB541B1B5EDA009397FB /* PBXContainerItemProxy */;
		};
/* End PBXTargetDependency section */

/* Begin PBXVariantGroup section */
		FB6FCB471B1B5EDA009397FB /* Main.storyboard */ = {
			isa = PBXVariantGroup;
			children = (
				FB6FCB481B1B5EDA009397FB /* Base */,
			);
			name = Main.storyboard;
			sourceTree = "<group>";
		};
		FB6FCB4C1B1B5EDA009397FB /* LaunchScreen.xib */ = {
			isa = PBXVariantGroup;
			children = (
				FB6FCB4D1B1B5EDA009397FB /* Base */,
			);
			name = LaunchScreen.xib;
			sourceTree = "<group>";
		};
/* End PBXVariantGroup section */

/* Begin XCBuildConfiguration section */
		FB6FCB5B1B1B5EDA009397FB /* Debug */ = {
			isa = XCBuildConfiguration;
			buildSettings = {
				ALWAYS_SEARCH_USER_PATHS = NO;
				CLANG_CXX_LANGUAGE_STANDARD = "gnu++0x";
				CLANG_CXX_LIBRARY = "libc++";
				CLANG_ENABLE_MODULES = YES;
				CLANG_ENABLE_OBJC_ARC = YES;
				CLANG_WARN_BOOL_CONVERSION = YES;
				CLANG_WARN_CONSTANT_CONVERSION = YES;
				CLANG_WARN_DIRECT_OBJC_ISA_USAGE = YES_ERROR;
				CLANG_WARN_EMPTY_BODY = YES;
				CLANG_WARN_ENUM_CONVERSION = YES;
				CLANG_WARN_INT_CONVERSION = YES;
				CLANG_WARN_OBJC_ROOT_CLASS = YES_ERROR;
				CLANG_WARN_UNREACHABLE_CODE = YES;
				CLANG_WARN__DUPLICATE_METHOD_MATCH = YES;
				"CODE_SIGN_IDENTITY[sdk=iphoneos*]" = "iPhone Developer";
				COPY_PHASE_STRIP = NO;
				DEBUG_INFORMATION_FORMAT = "dwarf-with-dsym";
				ENABLE_STRICT_OBJC_MSGSEND = YES;
				GCC_C_LANGUAGE_STANDARD = gnu99;
				GCC_DYNAMIC_NO_PIC = NO;
				GCC_NO_COMMON_BLOCKS = YES;
				GCC_OPTIMIZATION_LEVEL = 0;
				GCC_PREPROCESSOR_DEFINITIONS = (
					"DEBUG=1",
					"$(inherited)",
				);
				GCC_SYMBOLS_PRIVATE_EXTERN = NO;
				GCC_WARN_64_TO_32_BIT_CONVERSION = YES;
				GCC_WARN_ABOUT_RETURN_TYPE = YES_ERROR;
				GCC_WARN_UNDECLARED_SELECTOR = YES;
				GCC_WARN_UNINITIALIZED_AUTOS = YES_AGGRESSIVE;
				GCC_WARN_UNUSED_FUNCTION = YES;
				GCC_WARN_UNUSED_VARIABLE = YES;
				IPHONEOS_DEPLOYMENT_TARGET = 8.3;
				MTL_ENABLE_DEBUG_INFO = YES;
				ONLY_ACTIVE_ARCH = YES;
				SDKROOT = iphoneos;
				SWIFT_OPTIMIZATION_LEVEL = "-Onone";
			};
			name = Debug;
		};
		FB6FCB5C1B1B5EDA009397FB /* Release */ = {
			isa = XCBuildConfiguration;
			buildSettings = {
				ALWAYS_SEARCH_USER_PATHS = NO;
				CLANG_CXX_LANGUAGE_STANDARD = "gnu++0x";
				CLANG_CXX_LIBRARY = "libc++";
				CLANG_ENABLE_MODULES = YES;
				CLANG_ENABLE_OBJC_ARC = YES;
				CLANG_WARN_BOOL_CONVERSION = YES;
				CLANG_WARN_CONSTANT_CONVERSION = YES;
				CLANG_WARN_DIRECT_OBJC_ISA_USAGE = YES_ERROR;
				CLANG_WARN_EMPTY_BODY = YES;
				CLANG_WARN_ENUM_CONVERSION = YES;
				CLANG_WARN_INT_CONVERSION = YES;
				CLANG_WARN_OBJC_ROOT_CLASS = YES_ERROR;
				CLANG_WARN_UNREACHABLE_CODE = YES;
				CLANG_WARN__DUPLICATE_METHOD_MATCH = YES;
				"CODE_SIGN_IDENTITY[sdk=iphoneos*]" = "iPhone Developer";
				COPY_PHASE_STRIP = NO;
				DEBUG_INFORMATION_FORMAT = "dwarf-with-dsym";
				ENABLE_NS_ASSERTIONS = NO;
				ENABLE_STRICT_OBJC_MSGSEND = YES;
				GCC_C_LANGUAGE_STANDARD = gnu99;
				GCC_NO_COMMON_BLOCKS = YES;
				GCC_WARN_64_TO_32_BIT_CONVERSION = YES;
				GCC_WARN_ABOUT_RETURN_TYPE = YES_ERROR;
				GCC_WARN_UNDECLARED_SELECTOR = YES;
				GCC_WARN_UNINITIALIZED_AUTOS = YES_AGGRESSIVE;
				GCC_WARN_UNUSED_FUNCTION = YES;
				GCC_WARN_UNUSED_VARIABLE = YES;
				IPHONEOS_DEPLOYMENT_TARGET = 8.3;
				MTL_ENABLE_DEBUG_INFO = NO;
				SDKROOT = iphoneos;
				VALIDATE_PRODUCT = YES;
			};
			name = Release;
		};
		FB6FCB5E1B1B5EDA009397FB /* Debug */ = {
			isa = XCBuildConfiguration;
			buildSettings = {
				ASSETCATALOG_COMPILER_APPICON_NAME = AppIcon;
				INFOPLIST_FILE = PostCard/Info.plist;
				LD_RUNPATH_SEARCH_PATHS = "$(inherited) @executable_path/Frameworks";
				PRODUCT_NAME = "$(TARGET_NAME)";
			};
			name = Debug;
		};
		FB6FCB5F1B1B5EDA009397FB /* Release */ = {
			isa = XCBuildConfiguration;
			buildSettings = {
				ASSETCATALOG_COMPILER_APPICON_NAME = AppIcon;
				INFOPLIST_FILE = PostCard/Info.plist;
				LD_RUNPATH_SEARCH_PATHS = "$(inherited) @executable_path/Frameworks";
				PRODUCT_NAME = "$(TARGET_NAME)";
			};
			name = Release;
		};
		FB6FCB611B1B5EDA009397FB /* Debug */ = {
			isa = XCBuildConfiguration;
			buildSettings = {
				BUNDLE_LOADER = "$(TEST_HOST)";
				FRAMEWORK_SEARCH_PATHS = (
					"$(SDKROOT)/Developer/Library/Frameworks",
					"$(inherited)",
				);
				GCC_PREPROCESSOR_DEFINITIONS = (
					"DEBUG=1",
					"$(inherited)",
				);
				INFOPLIST_FILE = PostCardTests/Info.plist;
				LD_RUNPATH_SEARCH_PATHS = "$(inherited) @executable_path/Frameworks @loader_path/Frameworks";
				PRODUCT_NAME = "$(TARGET_NAME)";
				TEST_HOST = "$(BUILT_PRODUCTS_DIR)/PostCard.app/PostCard";
			};
			name = Debug;
		};
		FB6FCB621B1B5EDA009397FB /* Release */ = {
			isa = XCBuildConfiguration;
			buildSettings = {
				BUNDLE_LOADER = "$(TEST_HOST)";
				FRAMEWORK_SEARCH_PATHS = (
					"$(SDKROOT)/Developer/Library/Frameworks",
					"$(inherited)",
				);
				INFOPLIST_FILE = PostCardTests/Info.plist;
				LD_RUNPATH_SEARCH_PATHS = "$(inherited) @executable_path/Frameworks @loader_path/Frameworks";
				PRODUCT_NAME = "$(TARGET_NAME)";
				TEST_HOST = "$(BUILT_PRODUCTS_DIR)/PostCard.app/PostCard";
			};
			name = Release;
		};
/* End XCBuildConfiguration section */

/* Begin XCConfigurationList section */
		FB6FCB391B1B5EDA009397FB /* Build configuration list for PBXProject "PostCard" */ = {
			isa = XCConfigurationList;
			buildConfigurations = (
				FB6FCB5B1B1B5EDA009397FB /* Debug */,
				FB6FCB5C1B1B5EDA009397FB /* Release */,
			);
			defaultConfigurationIsVisible = 0;
			defaultConfigurationName = Release;
		};
		FB6FCB5D1B1B5EDA009397FB /* Build configuration list for PBXNativeTarget "PostCard" */ = {
			isa = XCConfigurationList;
			buildConfigurations = (
				FB6FCB5E1B1B5EDA009397FB /* Debug */,
				FB6FCB5F1B1B5EDA009397FB /* Release */,
			);
			defaultConfigurationIsVisible = 0;
		};
		FB6FCB601B1B5EDA009397FB /* Build configuration list for PBXNativeTarget "PostCardTests" */ = {
			isa = XCConfigurationList;
			buildConfigurations = (
				FB6FCB611B1B5EDA009397FB /* Debug */,
				FB6FCB621B1B5EDA009397FB /* Release */,
			);
			defaultConfigurationIsVisible = 0;
		};
/* End XCConfigurationList section */
	};
	rootObject = FB6FCB361B1B5EDA009397FB /* Project object */;
}
